
Microsoft Visual Studio Solution File, Format Version 12.00
# Visual Studio Version 17
VisualStudioVersion = 17.11.35222.181
MinimumVisualStudioVersion = 10.0.40219.1
Project("{FAE04EC0-301F-11D3-BF4B-00C04F79EFBC}") = "Week14OOP", "Week14OOP\Week14OOP.csproj", "{25F8AC64-29C3-488C-95AC-F200B4CB48CD}"
EndProject
Global
	GlobalSection(SolutionConfigurationPlatforms) = preSolution
		Debug|Any CPU = Debug|Any CPU
		Release|Any CPU = Release|Any CPU
	EndGlobalSection
	GlobalSection(ProjectConfigurationPlatforms) = postSolution
		{25F8AC64-29C3-488C-95AC-F200B4CB48CD}.Debug|Any CPU.ActiveCfg = Debug|Any CPU
		{25F8AC64-29C3-488C-95AC-F200B4CB48CD}.Debug|Any CPU.Build.0 = Debug|Any CPU
		{25F8AC64-29C3-488C-95AC-F200B4CB48CD}.Release|Any CPU.ActiveCfg = Release|Any CPU
		{25F8AC64-29C3-488C-95AC-F200B4CB48CD}.Release|Any CPU.Build.0 = Release|Any CPU
	EndGlobalSection
	GlobalSection(SolutionProperties) = preSolution
		HideSolutionNode = FALSE
	EndGlobalSection
	GlobalSection(ExtensibilityGlobals) = postSolution
		SolutionGuid = {7F39E46A-5744-407D-811C-B9F32DE30C14}
	EndGlobalSection
EndGlobal
